
Microsoft Visual Studio Solution File, Format Version 12.00
# Visual Studio Version 16
VisualStudioVersion = 16.0.29728.190
MinimumVisualStudioVersion = 10.0.40219.1
Project("{FAE04EC0-301F-11D3-BF4B-00C04F79EFBC}") = "CheatMod", "CheatMod\CheatMod.csproj", "{A83C0400-2267-45DA-A6CB-DC82D7A85D4D}"
EndProject
Project("{FAE04EC0-301F-11D3-BF4B-00C04F79EFBC}") = "EquipmentMod", "EquipmentMod\EquipmentMod.csproj", "{807621D8-C642-437C-B150-D980F07730A9}"
EndProject
Global
	GlobalSection(SolutionConfigurationPlatforms) = preSolution
		Debug|Any CPU = Debug|Any CPU
		Release|Any CPU = Release|Any CPU
	EndGlobalSection
	GlobalSection(ProjectConfigurationPlatforms) = postSolution
		{A83C0400-2267-45DA-A6CB-DC82D7A85D4D}.Debug|Any CPU.ActiveCfg = Debug|Any CPU
		{A83C0400-2267-45DA-A6CB-DC82D7A85D4D}.Debug|Any CPU.Build.0 = Debug|Any CPU
		{A83C0400-2267-45DA-A6CB-DC82D7A85D4D}.Release|Any CPU.ActiveCfg = Release|Any CPU
		{A83C0400-2267-45DA-A6CB-DC82D7A85D4D}.Release|Any CPU.Build.0 = Release|Any CPU
		{807621D8-C642-437C-B150-D980F07730A9}.Debug|Any CPU.ActiveCfg = Debug|Any CPU
		{807621D8-C642-437C-B150-D980F07730A9}.Debug|Any CPU.Build.0 = Debug|Any CPU
		{807621D8-C642-437C-B150-D980F07730A9}.Release|Any CPU.ActiveCfg = Release|Any CPU
		{807621D8-C642-437C-B150-D980F07730A9}.Release|Any CPU.Build.0 = Release|Any CPU
	EndGlobalSection
	GlobalSection(SolutionProperties) = preSolution
		HideSolutionNode = FALSE
	EndGlobalSection
	GlobalSection(ExtensibilityGlobals) = postSolution
		SolutionGuid = {6B3944D4-5588-4454-92D6-B426BBD31B0B}
	EndGlobalSection
EndGlobal
